
Microsoft Visual Studio Solution File, Format Version 12.00
# Visual Studio Version 17
VisualStudioVersion = 17.0.31903.59
MinimumVisualStudioVersion = 10.0.40219.1
Project("{FAE04EC0-301F-11D3-BF4B-00C04F79EFBC}") = "MSTest", "MSTest.csproj", "{F86AA81D-9628-40A3-8985-B96C2EEBCF9C}"
EndProject
Global
	GlobalSection(SolutionConfigurationPlatforms) = preSolution
		Debug|Any CPU = Debug|Any CPU
		Release|Any CPU = Release|Any CPU
	EndGlobalSection
	GlobalSection(ProjectConfigurationPlatforms) = postSolution
		{F86AA81D-9628-40A3-8985-B96C2EEBCF9C}.Debug|Any CPU.ActiveCfg = Debug|Any CPU
		{F86AA81D-9628-40A3-8985-B96C2EEBCF9C}.Debug|Any CPU.Build.0 = Debug|Any CPU
		{F86AA81D-9628-40A3-8985-B96C2EEBCF9C}.Release|Any CPU.ActiveCfg = Release|Any CPU
		{F86AA81D-9628-40A3-8985-B96C2EEBCF9C}.Release|Any CPU.Build.0 = Release|Any CPU
	EndGlobalSection
	GlobalSection(SolutionProperties) = preSolution
		HideSolutionNode = FALSE
	EndGlobalSection
	GlobalSection(ExtensibilityGlobals) = postSolution
		SolutionGuid = {F4F63FA4-75D8-416B-9020-9A024A904E93}
	EndGlobalSection
EndGlobal
